
Microsoft Visual Studio Solution File, Format Version 11.00
# Visual Studio 2010
Project("{FAE04EC0-301F-11D3-BF4B-00C04F79EFBC}") = "NaughtyAttributes.Test", "NaughtyAttributes.Test.csproj", "{d51a7988-ba06-7e6e-4888-f1fe666b0b87}"
EndProject
Project("{FAE04EC0-301F-11D3-BF4B-00C04F79EFBC}") = "Unity.UniWindowController", "Unity.UniWindowController.csproj", "{42e7ea2f-522b-7c5d-2eb4-b2645e1380b7}"
EndProject
Project("{FAE04EC0-301F-11D3-BF4B-00C04F79EFBC}") = "NaughtyAttributes.Core", "NaughtyAttributes.Core.csproj", "{eccec12a-4d1b-7c75-afba-acae5a88994e}"
EndProject
Project("{FAE04EC0-301F-11D3-BF4B-00C04F79EFBC}") = "Assembly-CSharp", "Assembly-CSharp.csproj", "{fa0b0a03-c157-24b6-2612-d6aeb325f3ae}"
EndProject
Project("{FAE04EC0-301F-11D3-BF4B-00C04F79EFBC}") = "Lumpn.Discord", "Lumpn.Discord.csproj", "{15de3802-983a-8412-1404-058728ccd4e2}"
EndProject
Project("{FAE04EC0-301F-11D3-BF4B-00C04F79EFBC}") = "SatorImaging.AppWindowUtility", "SatorImaging.AppWindowUtility.csproj", "{685df7fe-3010-ca66-1933-1a80b160167c}"
EndProject
Project("{FAE04EC0-301F-11D3-BF4B-00C04F79EFBC}") = "Assembly-CSharp-firstpass", "Assembly-CSharp-firstpass.csproj", "{1af1257e-1033-158c-e873-914c3ddb86ca}"
EndProject
Project("{FAE04EC0-301F-11D3-BF4B-00C04F79EFBC}") = "NaughtyAttributes.Editor", "NaughtyAttributes.Editor.csproj", "{f34df46e-3827-3a43-6b78-0a81d4d34b62}"
EndProject
Project("{FAE04EC0-301F-11D3-BF4B-00C04F79EFBC}") = "Unity.UniWindowController.Editor", "Unity.UniWindowController.Editor.csproj", "{3bc07c6f-d9f8-8257-e709-8cdb01d8ec81}"
EndProject
Project("{FAE04EC0-301F-11D3-BF4B-00C04F79EFBC}") = "Assembly-CSharp-Editor", "Assembly-CSharp-Editor.csproj", "{8660d8e1-0531-1e9c-d2d7-86ba7e68b239}"
EndProject
Global
	GlobalSection(SolutionConfigurationPlatforms) = preSolution
		Debug|Any CPU = Debug|Any CPU
	EndGlobalSection
	GlobalSection(ProjectConfigurationPlatforms) = postSolution
		{d51a7988-ba06-7e6e-4888-f1fe666b0b87}.Debug|Any CPU.ActiveCfg = Debug|Any CPU
		{d51a7988-ba06-7e6e-4888-f1fe666b0b87}.Debug|Any CPU.Build.0 = Debug|Any CPU
		{42e7ea2f-522b-7c5d-2eb4-b2645e1380b7}.Debug|Any CPU.ActiveCfg = Debug|Any CPU
		{42e7ea2f-522b-7c5d-2eb4-b2645e1380b7}.Debug|Any CPU.Build.0 = Debug|Any CPU
		{eccec12a-4d1b-7c75-afba-acae5a88994e}.Debug|Any CPU.ActiveCfg = Debug|Any CPU
		{eccec12a-4d1b-7c75-afba-acae5a88994e}.Debug|Any CPU.Build.0 = Debug|Any CPU
		{fa0b0a03-c157-24b6-2612-d6aeb325f3ae}.Debug|Any CPU.ActiveCfg = Debug|Any CPU
		{fa0b0a03-c157-24b6-2612-d6aeb325f3ae}.Debug|Any CPU.Build.0 = Debug|Any CPU
		{15de3802-983a-8412-1404-058728ccd4e2}.Debug|Any CPU.ActiveCfg = Debug|Any CPU
		{15de3802-983a-8412-1404-058728ccd4e2}.Debug|Any CPU.Build.0 = Debug|Any CPU
		{685df7fe-3010-ca66-1933-1a80b160167c}.Debug|Any CPU.ActiveCfg = Debug|Any CPU
		{685df7fe-3010-ca66-1933-1a80b160167c}.Debug|Any CPU.Build.0 = Debug|Any CPU
		{1af1257e-1033-158c-e873-914c3ddb86ca}.Debug|Any CPU.ActiveCfg = Debug|Any CPU
		{1af1257e-1033-158c-e873-914c3ddb86ca}.Debug|Any CPU.Build.0 = Debug|Any CPU
		{f34df46e-3827-3a43-6b78-0a81d4d34b62}.Debug|Any CPU.ActiveCfg = Debug|Any CPU
		{f34df46e-3827-3a43-6b78-0a81d4d34b62}.Debug|Any CPU.Build.0 = Debug|Any CPU
		{3bc07c6f-d9f8-8257-e709-8cdb01d8ec81}.Debug|Any CPU.ActiveCfg = Debug|Any CPU
		{3bc07c6f-d9f8-8257-e709-8cdb01d8ec81}.Debug|Any CPU.Build.0 = Debug|Any CPU
		{8660d8e1-0531-1e9c-d2d7-86ba7e68b239}.Debug|Any CPU.ActiveCfg = Debug|Any CPU
		{8660d8e1-0531-1e9c-d2d7-86ba7e68b239}.Debug|Any CPU.Build.0 = Debug|Any CPU
	EndGlobalSection
	GlobalSection(SolutionProperties) = preSolution
		HideSolutionNode = FALSE
	EndGlobalSection
EndGlobal
